
Microsoft Visual Studio Solution File, Format Version 12.00
# Visual Studio Version 16
VisualStudioVersion = 16.0.30104.148
MinimumVisualStudioVersion = 10.0.40219.1
Project("{FAE04EC0-301F-11D3-BF4B-00C04F79EFBC}") = "ASRIP", "ASRIP.csproj", "{7B7C83DD-36DD-493C-AA1A-A562B6F0ED54}"
EndProject
Global
	GlobalSection(SolutionConfigurationPlatforms) = preSolution
		Debug|Any CPU = Debug|Any CPU
		Debug|x86 = Debug|x86
		Release|Any CPU = Release|Any CPU
		Release|x86 = Release|x86
	EndGlobalSection
	GlobalSection(ProjectConfigurationPlatforms) = postSolution
		{7B7C83DD-36DD-493C-AA1A-A562B6F0ED54}.Debug|Any CPU.ActiveCfg = Debug|Any CPU
		{7B7C83DD-36DD-493C-AA1A-A562B6F0ED54}.Debug|Any CPU.Build.0 = Debug|Any CPU
		{7B7C83DD-36DD-493C-AA1A-A562B6F0ED54}.Debug|x86.ActiveCfg = Debug|x86
		{7B7C83DD-36DD-493C-AA1A-A562B6F0ED54}.Debug|x86.Build.0 = Debug|x86
		{7B7C83DD-36DD-493C-AA1A-A562B6F0ED54}.Release|Any CPU.ActiveCfg = Release|Any CPU
		{7B7C83DD-36DD-493C-AA1A-A562B6F0ED54}.Release|Any CPU.Build.0 = Release|Any CPU
		{7B7C83DD-36DD-493C-AA1A-A562B6F0ED54}.Release|x86.ActiveCfg = Release|x86
		{7B7C83DD-36DD-493C-AA1A-A562B6F0ED54}.Release|x86.Build.0 = Release|x86
	EndGlobalSection
	GlobalSection(SolutionProperties) = preSolution
		HideSolutionNode = FALSE
	EndGlobalSection
	GlobalSection(ExtensibilityGlobals) = postSolution
		SolutionGuid = {9261F1AC-4B0C-4E75-B7DD-54E4EC116345}
	EndGlobalSection
EndGlobal
